
Microsoft Visual Studio Solution File, Format Version 12.00
# Visual Studio Version 16
VisualStudioVersion = 16.0.30114.105
MinimumVisualStudioVersion = 10.0.40219.1
Project("{FAE04EC0-301F-11D3-BF4B-00C04F79EFBC}") = "ConsoleAppTask1", "ConsoleAppTask1\ConsoleAppTask1.csproj", "{FFDB6A98-6C34-4D2B-8AEE-FEDE9E9C7549}"
EndProject
Global
	GlobalSection(SolutionConfigurationPlatforms) = preSolution
		Debug|Any CPU = Debug|Any CPU
		Release|Any CPU = Release|Any CPU
	EndGlobalSection
	GlobalSection(ProjectConfigurationPlatforms) = postSolution
		{FFDB6A98-6C34-4D2B-8AEE-FEDE9E9C7549}.Debug|Any CPU.ActiveCfg = Debug|Any CPU
		{FFDB6A98-6C34-4D2B-8AEE-FEDE9E9C7549}.Debug|Any CPU.Build.0 = Debug|Any CPU
		{FFDB6A98-6C34-4D2B-8AEE-FEDE9E9C7549}.Release|Any CPU.ActiveCfg = Release|Any CPU
		{FFDB6A98-6C34-4D2B-8AEE-FEDE9E9C7549}.Release|Any CPU.Build.0 = Release|Any CPU
	EndGlobalSection
	GlobalSection(SolutionProperties) = preSolution
		HideSolutionNode = FALSE
	EndGlobalSection
	GlobalSection(ExtensibilityGlobals) = postSolution
		SolutionGuid = {AD4E7F7E-9B0C-476B-A816-A9DF14CD4069}
	EndGlobalSection
EndGlobal
